
Microsoft Visual Studio Solution File, Format Version 11.00
# Visual Studio 2010
Project("{FAE04EC0-301F-11D3-BF4B-00C04F79EFBC}") = "Just Another DnD App", "The DnD Online Project\Just Another DnD App.csproj", "{0C18BF2D-1811-4A96-9589-3CA3C0AD379F}"
EndProject
Project("{2150E333-8FDC-42A3-9474-1A3956D46DE8}") = "Solution Items", "Solution Items", "{0B33B7DF-5F6A-4EB0-90AA-48D66D36541F}"
	ProjectSection(SolutionItems) = preProject
		Character.xsd = Character.xsd
		Inventory.xsd = Inventory.xsd
		XMLSchema1.xsd = XMLSchema1.xsd
	EndProjectSection
EndProject
Global
	GlobalSection(SolutionConfigurationPlatforms) = preSolution
		Debug|Any CPU = Debug|Any CPU
		Release|Any CPU = Release|Any CPU
	EndGlobalSection
	GlobalSection(ProjectConfigurationPlatforms) = postSolution
		{0C18BF2D-1811-4A96-9589-3CA3C0AD379F}.Debug|Any CPU.ActiveCfg = Debug|Any CPU
		{0C18BF2D-1811-4A96-9589-3CA3C0AD379F}.Debug|Any CPU.Build.0 = Debug|Any CPU
		{0C18BF2D-1811-4A96-9589-3CA3C0AD379F}.Release|Any CPU.ActiveCfg = Release|Any CPU
		{0C18BF2D-1811-4A96-9589-3CA3C0AD379F}.Release|Any CPU.Build.0 = Release|Any CPU
	EndGlobalSection
	GlobalSection(SolutionProperties) = preSolution
		HideSolutionNode = FALSE
	EndGlobalSection
EndGlobal
